// !$*UTF8*$!
{
	archiveVersion = 1;
	classes = {
	};
	objectVersion = 50;
	objects = {

/* Begin PBXBuildFile section */
		1C99344951B2C3507157F9FE /* Pods_RetirementCalculatorTests.framework in Frameworks */ = {isa = PBXBuildFile; fileRef = FCF2766DF9CD1F50237DE3FF /* Pods_RetirementCalculatorTests.framework */; };
		1D96F76FFD4D9AE0DB81246E /* Pods_RetirementCalculator_RetirementCalculatorUITests.framework in Frameworks */ = {isa = PBXBuildFile; fileRef = BCDBB767E57D753740921517 /* Pods_RetirementCalculator_RetirementCalculatorUITests.framework */; };
		31C45B1340D220E9A23AC8E4 /* Pods_RetirementCalculator.framework in Frameworks */ = {isa = PBXBuildFile; fileRef = A28ACE4866512781FD507075 /* Pods_RetirementCalculator.framework */; };
		9D72F3B0246585E2007D71FB /* AppDelegate.swift in Sources */ = {isa = PBXBuildFile; fileRef = 9D72F3AF246585E2007D71FB /* AppDelegate.swift */; };
		9D72F3B2246585E2007D71FB /* SceneDelegate.swift in Sources */ = {isa = PBXBuildFile; fileRef = 9D72F3B1246585E2007D71FB /* SceneDelegate.swift */; };
		9D72F3B4246585E2007D71FB /* ViewController.swift in Sources */ = {isa = PBXBuildFile; fileRef = 9D72F3B3246585E2007D71FB /* ViewController.swift */; };
		9D72F3B7246585E2007D71FB /* Main.storyboard in Resources */ = {isa = PBXBuildFile; fileRef = 9D72F3B5246585E2007D71FB /* Main.storyboard */; };
		9D72F3B9246585E3007D71FB /* Assets.xcassets in Resources */ = {isa = PBXBuildFile; fileRef = 9D72F3B8246585E3007D71FB /* Assets.xcassets */; };
		9D72F3BC246585E3007D71FB /* LaunchScreen.storyboard in Resources */ = {isa = PBXBuildFile; fileRef = 9D72F3BA246585E3007D71FB /* LaunchScreen.storyboard */; };
		9D72F3C7246585E3007D71FB /* RetirementCalculatorTests.swift in Sources */ = {isa = PBXBuildFile; fileRef = 9D72F3C6246585E3007D71FB /* RetirementCalculatorTests.swift */; };
		9D72F3D2246585E4007D71FB /* RetirementCalculatorUITests.swift in Sources */ = {isa = PBXBuildFile; fileRef = 9D72F3D1246585E4007D71FB /* RetirementCalculatorUITests.swift */; };
/* End PBXBuildFile section */

/* Begin PBXContainerItemProxy section */
		9D72F3C3246585E3007D71FB /* PBXContainerItemProxy */ = {
			isa = PBXContainerItemProxy;
			containerPortal = 9D72F3A4246585E1007D71FB /* Project object */;
			proxyType = 1;
			remoteGlobalIDString = 9D72F3AB246585E2007D71FB;
			remoteInfo = RetirementCalculator;
		};
		9D72F3CE246585E4007D71FB /* PBXContainerItemProxy */ = {
			isa = PBXContainerItemProxy;
			containerPortal = 9D72F3A4246585E1007D71FB /* Project object */;
			proxyType = 1;
			remoteGlobalIDString = 9D72F3AB246585E2007D71FB;
			remoteInfo = RetirementCalculator;
		};
/* End PBXContainerItemProxy section */

/* Begin PBXFileReference section */
		172CD14EB6D63DFF47B3B3A5 /* Pods-RetirementCalculator.release.xcconfig */ = {isa = PBXFileReference; includeInIndex = 1; lastKnownFileType = text.xcconfig; name = "Pods-RetirementCalculator.release.xcconfig"; path = "Target Support Files/Pods-RetirementCalculator/Pods-RetirementCalculator.release.xcconfig"; sourceTree = "<group>"; };
		264BD8A31984197300EFE6F8 /* Pods-RetirementCalculator.debug.xcconfig */ = {isa = PBXFileReference; includeInIndex = 1; lastKnownFileType = text.xcconfig; name = "Pods-RetirementCalculator.debug.xcconfig"; path = "Target Support Files/Pods-RetirementCalculator/Pods-RetirementCalculator.debug.xcconfig"; sourceTree = "<group>"; };
		48EF4B253F2FD8230E32E30F /* Pods-RetirementCalculator-RetirementCalculatorUITests.debug.xcconfig */ = {isa = PBXFileReference; includeInIndex = 1; lastKnownFileType = text.xcconfig; name = "Pods-RetirementCalculator-RetirementCalculatorUITests.debug.xcconfig"; path = "Target Support Files/Pods-RetirementCalculator-RetirementCalculatorUITests/Pods-RetirementCalculator-RetirementCalculatorUITests.debug.xcconfig"; sourceTree = "<group>"; };
		9D72F3AC246585E2007D71FB /* RetirementCalculator.app */ = {isa = PBXFileReference; explicitFileType = wrapper.application; includeInIndex = 0; path = RetirementCalculator.app; sourceTree = BUILT_PRODUCTS_DIR; };
		9D72F3AF246585E2007D71FB /* AppDelegate.swift */ = {isa = PBXFileReference; lastKnownFileType = sourcecode.swift; path = AppDelegate.swift; sourceTree = "<group>"; };
		9D72F3B1246585E2007D71FB /* SceneDelegate.swift */ = {isa = PBXFileReference; lastKnownFileType = sourcecode.swift; path = SceneDelegate.swift; sourceTree = "<group>"; };
		9D72F3B3246585E2007D71FB /* ViewController.swift */ = {isa = PBXFileReference; lastKnownFileType = sourcecode.swift; path = ViewController.swift; sourceTree = "<group>"; };
		9D72F3B6246585E2007D71FB /* Base */ = {isa = PBXFileReference; lastKnownFileType = file.storyboard; name = Base; path = Base.lproj/Main.storyboard; sourceTree = "<group>"; };
		9D72F3B8246585E3007D71FB /* Assets.xcassets */ = {isa = PBXFileReference; lastKnownFileType = folder.assetcatalog; path = Assets.xcassets; sourceTree = "<group>"; };
		9D72F3BB246585E3007D71FB /* Base */ = {isa = PBXFileReference; lastKnownFileType = file.storyboard; name = Base; path = Base.lproj/LaunchScreen.storyboard; sourceTree = "<group>"; };
		9D72F3BD246585E3007D71FB /* Info.plist */ = {isa = PBXFileReference; lastKnownFileType = text.plist.xml; path = Info.plist; sourceTree = "<group>"; };
		9D72F3C2246585E3007D71FB /* RetirementCalculatorTests.xctest */ = {isa = PBXFileReference; explicitFileType = wrapper.cfbundle; includeInIndex = 0; path = RetirementCalculatorTests.xctest; sourceTree = BUILT_PRODUCTS_DIR; };
		9D72F3C6246585E3007D71FB /* RetirementCalculatorTests.swift */ = {isa = PBXFileReference; lastKnownFileType = sourcecode.swift; path = RetirementCalculatorTests.swift; sourceTree = "<group>"; };
		9D72F3C8246585E3007D71FB /* Info.plist */ = {isa = PBXFileReference; lastKnownFileType = text.plist.xml; path = Info.plist; sourceTree = "<group>"; };
		9D72F3CD246585E4007D71FB /* RetirementCalculatorUITests.xctest */ = {isa = PBXFileReference; explicitFileType = wrapper.cfbundle; includeInIndex = 0; path = RetirementCalculatorUITests.xctest; sourceTree = BUILT_PRODUCTS_DIR; };
		9D72F3D1246585E4007D71FB /* RetirementCalculatorUITests.swift */ = {isa = PBXFileReference; lastKnownFileType = sourcecode.swift; path = RetirementCalculatorUITests.swift; sourceTree = "<group>"; };
		9D72F3D3246585E4007D71FB /* Info.plist */ = {isa = PBXFileReference; lastKnownFileType = text.plist.xml; path = Info.plist; sourceTree = "<group>"; };
		A28ACE4866512781FD507075 /* Pods_RetirementCalculator.framework */ = {isa = PBXFileReference; explicitFileType = wrapper.framework; includeInIndex = 0; path = Pods_RetirementCalculator.framework; sourceTree = BUILT_PRODUCTS_DIR; };
		A9B420E24F5E394DE62351B4 /* Pods-RetirementCalculatorTests.release.xcconfig */ = {isa = PBXFileReference; includeInIndex = 1; lastKnownFileType = text.xcconfig; name = "Pods-RetirementCalculatorTests.release.xcconfig"; path = "Target Support Files/Pods-RetirementCalculatorTests/Pods-RetirementCalculatorTests.release.xcconfig"; sourceTree = "<group>"; };
		BCDBB767E57D753740921517 /* Pods_RetirementCalculator_RetirementCalculatorUITests.framework */ = {isa = PBXFileReference; explicitFileType = wrapper.framework; includeInIndex = 0; path = Pods_RetirementCalculator_RetirementCalculatorUITests.framework; sourceTree = BUILT_PRODUCTS_DIR; };
		D10FE9D26308D73D32850DEB /* Pods-RetirementCalculator-RetirementCalculatorUITests.release.xcconfig */ = {isa = PBXFileReference; includeInIndex = 1; lastKnownFileType = text.xcconfig; name = "Pods-RetirementCalculator-RetirementCalculatorUITests.release.xcconfig"; path = "Target Support Files/Pods-RetirementCalculator-RetirementCalculatorUITests/Pods-RetirementCalculator-RetirementCalculatorUITests.release.xcconfig"; sourceTree = "<group>"; };
		E4195F85D58BB4965CA9A291 /* Pods-RetirementCalculatorTests.debug.xcconfig */ = {isa = PBXFileReference; includeInIndex = 1; lastKnownFileType = text.xcconfig; name = "Pods-RetirementCalculatorTests.debug.xcconfig"; path = "Target Support Files/Pods-RetirementCalculatorTests/Pods-RetirementCalculatorTests.debug.xcconfig"; sourceTree = "<group>"; };
		FCF2766DF9CD1F50237DE3FF /* Pods_RetirementCalculatorTests.framework */ = {isa = PBXFileReference; explicitFileType = wrapper.framework; includeInIndex = 0; path = Pods_RetirementCalculatorTests.framework; sourceTree = BUILT_PRODUCTS_DIR; };
/* End PBXFileReference section */

/* Begin PBXFrameworksBuildPhase section */
		9D72F3A9246585E2007D71FB /* Frameworks */ = {
			isa = PBXFrameworksBuildPhase;
			buildActionMask = 2147483647;
			files = (
				31C45B1340D220E9A23AC8E4 /* Pods_RetirementCalculator.framework in Frameworks */,
			);
			runOnlyForDeploymentPostprocessing = 0;
		};
		9D72F3BF246585E3007D71FB /* Frameworks */ = {
			isa = PBXFrameworksBuildPhase;
			buildActionMask = 2147483647;
			files = (
				1C99344951B2C3507157F9FE /* Pods_RetirementCalculatorTests.framework in Frameworks */,
			);
			runOnlyForDeploymentPostprocessing = 0;
		};
		9D72F3CA246585E4007D71FB /* Frameworks */ = {
			isa = PBXFrameworksBuildPhase;
			buildActionMask = 2147483647;
			files = (
				1D96F76FFD4D9AE0DB81246E /* Pods_RetirementCalculator_RetirementCalculatorUITests.framework in Frameworks */,
			);
			runOnlyForDeploymentPostprocessing = 0;
		};
/* End PBXFrameworksBuildPhase section */

/* Begin PBXGroup section */
		2FE9DFEB21E7939C0F713810 /* Pods */ = {
			isa = PBXGroup;
			children = (
				264BD8A31984197300EFE6F8 /* Pods-RetirementCalculator.debug.xcconfig */,
				172CD14EB6D63DFF47B3B3A5 /* Pods-RetirementCalculator.release.xcconfig */,
				48EF4B253F2FD8230E32E30F /* Pods-RetirementCalculator-RetirementCalculatorUITests.debug.xcconfig */,
				D10FE9D26308D73D32850DEB /* Pods-RetirementCalculator-RetirementCalculatorUITests.release.xcconfig */,
				E4195F85D58BB4965CA9A291 /* Pods-RetirementCalculatorTests.debug.xcconfig */,
				A9B420E24F5E394DE62351B4 /* Pods-RetirementCalculatorTests.release.xcconfig */,
			);
			path = Pods;
			sourceTree = "<group>";
		};
		6D86366A047C44DE6849F1BB /* Frameworks */ = {
			isa = PBXGroup;
			children = (
				A28ACE4866512781FD507075 /* Pods_RetirementCalculator.framework */,
				BCDBB767E57D753740921517 /* Pods_RetirementCalculator_RetirementCalculatorUITests.framework */,
				FCF2766DF9CD1F50237DE3FF /* Pods_RetirementCalculatorTests.framework */,
			);
			name = Frameworks;
			sourceTree = "<group>";
		};
		9D72F3A3246585E1007D71FB = {
			isa = PBXGroup;
			children = (
				9D72F3AE246585E2007D71FB /* RetirementCalculator */,
				9D72F3C5246585E3007D71FB /* RetirementCalculatorTests */,
				9D72F3D0246585E4007D71FB /* RetirementCalculatorUITests */,
				9D72F3AD246585E2007D71FB /* Products */,
				2FE9DFEB21E7939C0F713810 /* Pods */,
				6D86366A047C44DE6849F1BB /* Frameworks */,
			);
			sourceTree = "<group>";
		};
		9D72F3AD246585E2007D71FB /* Products */ = {
			isa = PBXGroup;
			children = (
				9D72F3AC246585E2007D71FB /* RetirementCalculator.app */,
				9D72F3C2246585E3007D71FB /* RetirementCalculatorTests.xctest */,
				9D72F3CD246585E4007D71FB /* RetirementCalculatorUITests.xctest */,
			);
			name = Products;
			sourceTree = "<group>";
		};
		9D72F3AE246585E2007D71FB /* RetirementCalculator */ = {
			isa = PBXGroup;
			children = (
				9D72F3AF246585E2007D71FB /* AppDelegate.swift */,
				9D72F3B1246585E2007D71FB /* SceneDelegate.swift */,
				9D72F3B3246585E2007D71FB /* ViewController.swift */,
				9D72F3B5246585E2007D71FB /* Main.storyboard */,
				9D72F3B8246585E3007D71FB /* Assets.xcassets */,
				9D72F3BA246585E3007D71FB /* LaunchScreen.storyboard */,
				9D72F3BD246585E3007D71FB /* Info.plist */,
			);
			path = RetirementCalculator;
			sourceTree = "<group>";
		};
		9D72F3C5246585E3007D71FB /* RetirementCalculatorTests */ = {
			isa = PBXGroup;
			children = (
				9D72F3C6246585E3007D71FB /* RetirementCalculatorTests.swift */,
				9D72F3C8246585E3007D71FB /* Info.plist */,
			);
			path = RetirementCalculatorTests;
			sourceTree = "<group>";
		};
		9D72F3D0246585E4007D71FB /* RetirementCalculatorUITests */ = {
			isa = PBXGroup;
			children = (
				9D72F3D1246585E4007D71FB /* RetirementCalculatorUITests.swift */,
				9D72F3D3246585E4007D71FB /* Info.plist */,
			);
			path = RetirementCalculatorUITests;
			sourceTree = "<group>";
		};
/* End PBXGroup section */

/* Begin PBXNativeTarget section */
		9D72F3AB246585E2007D71FB /* RetirementCalculator */ = {
			isa = PBXNativeTarget;
			buildConfigurationList = 9D72F3D6246585E4007D71FB /* Build configuration list for PBXNativeTarget "RetirementCalculator" */;
			buildPhases = (
				E29B3C64BB733386C1D2CCFE /* [CP] Check Pods Manifest.lock */,
				9D72F3A8246585E2007D71FB /* Sources */,
				9D72F3A9246585E2007D71FB /* Frameworks */,
				9D72F3AA246585E2007D71FB /* Resources */,
			);
			buildRules = (
			);
			dependencies = (
			);
			name = RetirementCalculator;
			productName = RetirementCalculator;
			productReference = 9D72F3AC246585E2007D71FB /* RetirementCalculator.app */;
			productType = "com.apple.product-type.application";
		};
		9D72F3C1246585E3007D71FB /* RetirementCalculatorTests */ = {
			isa = PBXNativeTarget;
			buildConfigurationList = 9D72F3D9246585E4007D71FB /* Build configuration list for PBXNativeTarget "RetirementCalculatorTests" */;
			buildPhases = (
				31CD252D431B42518C0E3106 /* [CP] Check Pods Manifest.lock */,
				9D72F3BE246585E3007D71FB /* Sources */,
				9D72F3BF246585E3007D71FB /* Frameworks */,
				9D72F3C0246585E3007D71FB /* Resources */,
			);
			buildRules = (
			);
			dependencies = (
				9D72F3C4246585E3007D71FB /* PBXTargetDependency */,
			);
			name = RetirementCalculatorTests;
			productName = RetirementCalculatorTests;
			productReference = 9D72F3C2246585E3007D71FB /* RetirementCalculatorTests.xctest */;
			productType = "com.apple.product-type.bundle.unit-test";
		};
		9D72F3CC246585E4007D71FB /* RetirementCalculatorUITests */ = {
			isa = PBXNativeTarget;
			buildConfigurationList = 9D72F3DC246585E4007D71FB /* Build configuration list for PBXNativeTarget "RetirementCalculatorUITests" */;
			buildPhases = (
				EEFFC1E2C43F15E0B289206C /* [CP] Check Pods Manifest.lock */,
				9D72F3C9246585E4007D71FB /* Sources */,
				9D72F3CA246585E4007D71FB /* Frameworks */,
				9D72F3CB246585E4007D71FB /* Resources */,
			);
			buildRules = (
			);
			dependencies = (
				9D72F3CF246585E4007D71FB /* PBXTargetDependency */,
			);
			name = RetirementCalculatorUITests;
			productName = RetirementCalculatorUITests;
			productReference = 9D72F3CD246585E4007D71FB /* RetirementCalculatorUITests.xctest */;
			productType = "com.apple.product-type.bundle.ui-testing";
		};
/* End PBXNativeTarget section */

/* Begin PBXProject section */
		9D72F3A4246585E1007D71FB /* Project object */ = {
			isa = PBXProject;
			attributes = {
				LastSwiftUpdateCheck = 1140;
				LastUpgradeCheck = 1140;
				ORGANIZATIONNAME = "Greg Delgado";
				TargetAttributes = {
					9D72F3AB246585E2007D71FB = {
						CreatedOnToolsVersion = 11.4.1;
					};
					9D72F3C1246585E3007D71FB = {
						CreatedOnToolsVersion = 11.4.1;
						TestTargetID = 9D72F3AB246585E2007D71FB;
					};
					9D72F3CC246585E4007D71FB = {
						CreatedOnToolsVersion = 11.4.1;
						TestTargetID = 9D72F3AB246585E2007D71FB;
					};
				};
			};
			buildConfigurationList = 9D72F3A7246585E1007D71FB /* Build configuration list for PBXProject "RetirementCalculator" */;
			compatibilityVersion = "Xcode 9.3";
			developmentRegion = en;
			hasScannedForEncodings = 0;
			knownRegions = (
				en,
				Base,
			);
			mainGroup = 9D72F3A3246585E1007D71FB;
			productRefGroup = 9D72F3AD246585E2007D71FB /* Products */;
			projectDirPath = "";
			projectRoot = "";
			targets = (
				9D72F3AB246585E2007D71FB /* RetirementCalculator */,
				9D72F3C1246585E3007D71FB /* RetirementCalculatorTests */,
				9D72F3CC246585E4007D71FB /* RetirementCalculatorUITests */,
			);
		};
/* End PBXProject section */

/* Begin PBXResourcesBuildPhase section */
		9D72F3AA246585E2007D71FB /* Resources */ = {
			isa = PBXResourcesBuildPhase;
			buildActionMask = 2147483647;
			files = (
				9D72F3BC246585E3007D71FB /* LaunchScreen.storyboard in Resources */,
				9D72F3B9246585E3007D71FB /* Assets.xcassets in Resources */,
				9D72F3B7246585E2007D71FB /* Main.storyboard in Resources */,
			);
			runOnlyForDeploymentPostprocessing = 0;
		};
		9D72F3C0246585E3007D71FB /* Resources */ = {
			isa = PBXResourcesBuildPhase;
			buildActionMask = 2147483647;
			files = (
			);
			runOnlyForDeploymentPostprocessing = 0;
		};
		9D72F3CB246585E4007D71FB /* Resources */ = {
			isa = PBXResourcesBuildPhase;
			buildActionMask = 2147483647;
			files = (
			);
			runOnlyForDeploymentPostprocessing = 0;
		};
/* End PBXResourcesBuildPhase section */

/* Begin PBXShellScriptBuildPhase section */
		31CD252D431B42518C0E3106 /* [CP] Check Pods Manifest.lock */ = {
			isa = PBXShellScriptBuildPhase;
			buildActionMask = 2147483647;
			files = (
			);
			inputFileListPaths = (
			);
			inputPaths = (
				"${PODS_PODFILE_DIR_PATH}/Podfile.lock",
				"${PODS_ROOT}/Manifest.lock",
			);
			name = "[CP] Check Pods Manifest.lock";
			outputFileListPaths = (
			);
			outputPaths = (
				"$(DERIVED_FILE_DIR)/Pods-RetirementCalculatorTests-checkManifestLockResult.txt",
			);
			runOnlyForDeploymentPostprocessing = 0;
			shellPath = /bin/sh;
			shellScript = "diff \"${PODS_PODFILE_DIR_PATH}/Podfile.lock\" \"${PODS_ROOT}/Manifest.lock\" > /dev/null\nif [ $? != 0 ] ; then\n    # print error to STDERR\n    echo \"error: The sandbox is not in sync with the Podfile.lock. Run 'pod install' or update your CocoaPods installation.\" >&2\n    exit 1\nfi\n# This output is used by Xcode 'outputs' to avoid re-running this script phase.\necho \"SUCCESS\" > \"${SCRIPT_OUTPUT_FILE_0}\"\n";
			showEnvVarsInLog = 0;
		};
		E29B3C64BB733386C1D2CCFE /* [CP] Check Pods Manifest.lock */ = {
			isa = PBXShellScriptBuildPhase;
			buildActionMask = 2147483647;
			files = (
			);
			inputFileListPaths = (
			);
			inputPaths = (
				"${PODS_PODFILE_DIR_PATH}/Podfile.lock",
				"${PODS_ROOT}/Manifest.lock",
			);
			name = "[CP] Check Pods Manifest.lock";
			outputFileListPaths = (
			);
			outputPaths = (
				"$(DERIVED_FILE_DIR)/Pods-RetirementCalculator-checkManifestLockResult.txt",
			);
			runOnlyForDeploymentPostprocessing = 0;
			shellPath = /bin/sh;
			shellScript = "diff \"${PODS_PODFILE_DIR_PATH}/Podfile.lock\" \"${PODS_ROOT}/Manifest.lock\" > /dev/null\nif [ $? != 0 ] ; then\n    # print error to STDERR\n    echo \"error: The sandbox is not in sync with the Podfile.lock. Run 'pod install' or update your CocoaPods installation.\" >&2\n    exit 1\nfi\n# This output is used by Xcode 'outputs' to avoid re-running this script phase.\necho \"SUCCESS\" > \"${SCRIPT_OUTPUT_FILE_0}\"\n";
			showEnvVarsInLog = 0;
		};
		EEFFC1E2C43F15E0B289206C /* [CP] Check Pods Manifest.lock */ = {
			isa = PBXShellScriptBuildPhase;
			buildActionMask = 2147483647;
			files = (
			);
			inputFileListPaths = (
			);
			inputPaths = (
				"${PODS_PODFILE_DIR_PATH}/Podfile.lock",
				"${PODS_ROOT}/Manifest.lock",
			);
			name = "[CP] Check Pods Manifest.lock";
			outputFileListPaths = (
			);
			outputPaths = (
				"$(DERIVED_FILE_DIR)/Pods-RetirementCalculator-RetirementCalculatorUITests-checkManifestLockResult.txt",
			);
			runOnlyForDeploymentPostprocessing = 0;
			shellPath = /bin/sh;
			shellScript = "diff \"${PODS_PODFILE_DIR_PATH}/Podfile.lock\" \"${PODS_ROOT}/Manifest.lock\" > /dev/null\nif [ $? != 0 ] ; then\n    # print error to STDERR\n    echo \"error: The sandbox is not in sync with the Podfile.lock. Run 'pod install' or update your CocoaPods installation.\" >&2\n    exit 1\nfi\n# This output is used by Xcode 'outputs' to avoid re-running this script phase.\necho \"SUCCESS\" > \"${SCRIPT_OUTPUT_FILE_0}\"\n";
			showEnvVarsInLog = 0;
		};
/* End PBXShellScriptBuildPhase section */

/* Begin PBXSourcesBuildPhase section */
		9D72F3A8246585E2007D71FB /* Sources */ = {
			isa = PBXSourcesBuildPhase;
			buildActionMask = 2147483647;
			files = (
				9D72F3B4246585E2007D71FB /* ViewController.swift in Sources */,
				9D72F3B0246585E2007D71FB /* AppDelegate.swift in Sources */,
				9D72F3B2246585E2007D71FB /* SceneDelegate.swift in Sources */,
			);
			runOnlyForDeploymentPostprocessing = 0;
		};
		9D72F3BE246585E3007D71FB /* Sources */ = {
			isa = PBXSourcesBuildPhase;
			buildActionMask = 2147483647;
			files = (
				9D72F3C7246585E3007D71FB /* RetirementCalculatorTests.swift in Sources */,
			);
			runOnlyForDeploymentPostprocessing = 0;
		};
		9D72F3C9246585E4007D71FB /* Sources */ = {
			isa = PBXSourcesBuildPhase;
			buildActionMask = 2147483647;
			files = (
				9D72F3D2246585E4007D71FB /* RetirementCalculatorUITests.swift in Sources */,
			);
			runOnlyForDeploymentPostprocessing = 0;
		};
/* End PBXSourcesBuildPhase section */

/* Begin PBXTargetDependency section */
		9D72F3C4246585E3007D71FB /* PBXTargetDependency */ = {
			isa = PBXTargetDependency;
			target = 9D72F3AB246585E2007D71FB /* RetirementCalculator */;
			targetProxy = 9D72F3C3246585E3007D71FB /* PBXContainerItemProxy */;
		};
		9D72F3CF246585E4007D71FB /* PBXTargetDependency */ = {
			isa = PBXTargetDependency;
			target = 9D72F3AB246585E2007D71FB /* RetirementCalculator */;
			targetProxy = 9D72F3CE246585E4007D71FB /* PBXContainerItemProxy */;
		};
/* End PBXTargetDependency section */

/* Begin PBXVariantGroup section */
		9D72F3B5246585E2007D71FB /* Main.storyboard */ = {
			isa = PBXVariantGroup;
			children = (
				9D72F3B6246585E2007D71FB /* Base */,
			);
			name = Main.storyboard;
			sourceTree = "<group>";
		};
		9D72F3BA246585E3007D71FB /* LaunchScreen.storyboard */ = {
			isa = PBXVariantGroup;
			children = (
				9D72F3BB246585E3007D71FB /* Base */,
			);
			name = LaunchScreen.storyboard;
			sourceTree = "<group>";
		};
/* End PBXVariantGroup section */

/* Begin XCBuildConfiguration section */
		9D72F3D4246585E4007D71FB /* Debug */ = {
			isa = XCBuildConfiguration;
			buildSettings = {
				ALWAYS_SEARCH_USER_PATHS = NO;
				CLANG_ANALYZER_NONNULL = YES;
				CLANG_ANALYZER_NUMBER_OBJECT_CONVERSION = YES_AGGRESSIVE;
				CLANG_CXX_LANGUAGE_STANDARD = "gnu++14";
				CLANG_CXX_LIBRARY = "libc++";
				CLANG_ENABLE_MODULES = YES;
				CLANG_ENABLE_OBJC_ARC = YES;
				CLANG_ENABLE_OBJC_WEAK = YES;
				CLANG_WARN_BLOCK_CAPTURE_AUTORELEASING = YES;
				CLANG_WARN_BOOL_CONVERSION = YES;
				CLANG_WARN_COMMA = YES;
				CLANG_WARN_CONSTANT_CONVERSION = YES;
				CLANG_WARN_DEPRECATED_OBJC_IMPLEMENTATIONS = YES;
				CLANG_WARN_DIRECT_OBJC_ISA_USAGE = YES_ERROR;
				CLANG_WARN_DOCUMENTATION_COMMENTS = YES;
				CLANG_WARN_EMPTY_BODY = YES;
				CLANG_WARN_ENUM_CONVERSION = YES;
				CLANG_WARN_INFINITE_RECURSION = YES;
				CLANG_WARN_INT_CONVERSION = YES;
				CLANG_WARN_NON_LITERAL_NULL_CONVERSION = YES;
				CLANG_WARN_OBJC_IMPLICIT_RETAIN_SELF = YES;
				CLANG_WARN_OBJC_LITERAL_CONVERSION = YES;
				CLANG_WARN_OBJC_ROOT_CLASS = YES_ERROR;
				CLANG_WARN_RANGE_LOOP_ANALYSIS = YES;
				CLANG_WARN_STRICT_PROTOTYPES = YES;
				CLANG_WARN_SUSPICIOUS_MOVE = YES;
				CLANG_WARN_UNGUARDED_AVAILABILITY = YES_AGGRESSIVE;
				CLANG_WARN_UNREACHABLE_CODE = YES;
				CLANG_WARN__DUPLICATE_METHOD_MATCH = YES;
				COPY_PHASE_STRIP = NO;
				DEBUG_INFORMATION_FORMAT = dwarf;
				ENABLE_STRICT_OBJC_MSGSEND = YES;
				ENABLE_TESTABILITY = YES;
				GCC_C_LANGUAGE_STANDARD = gnu11;
				GCC_DYNAMIC_NO_PIC = NO;
				GCC_NO_COMMON_BLOCKS = YES;
				GCC_OPTIMIZATION_LEVEL = 0;
				GCC_PREPROCESSOR_DEFINITIONS = (
					"DEBUG=1",
					"$(inherited)",
				);
				GCC_WARN_64_TO_32_BIT_CONVERSION = YES;
				GCC_WARN_ABOUT_RETURN_TYPE = YES_ERROR;
				GCC_WARN_UNDECLARED_SELECTOR = YES;
				GCC_WARN_UNINITIALIZED_AUTOS = YES_AGGRESSIVE;
				GCC_WARN_UNUSED_FUNCTION = YES;
				GCC_WARN_UNUSED_VARIABLE = YES;
				IPHONEOS_DEPLOYMENT_TARGET = 11.0;
				MTL_ENABLE_DEBUG_INFO = INCLUDE_SOURCE;
				MTL_FAST_MATH = YES;
				ONLY_ACTIVE_ARCH = YES;
				SDKROOT = iphoneos;
				SWIFT_ACTIVE_COMPILATION_CONDITIONS = DEBUG;
				SWIFT_OPTIMIZATION_LEVEL = "-Onone";
			};
			name = Debug;
		};
		9D72F3D5246585E4007D71FB /* Release */ = {
			isa = XCBuildConfiguration;
			buildSettings = {
				ALWAYS_SEARCH_USER_PATHS = NO;
				CLANG_ANALYZER_NONNULL = YES;
				CLANG_ANALYZER_NUMBER_OBJECT_CONVERSION = YES_AGGRESSIVE;
				CLANG_CXX_LANGUAGE_STANDARD = "gnu++14";
				CLANG_CXX_LIBRARY = "libc++";
				CLANG_ENABLE_MODULES = YES;
				CLANG_ENABLE_OBJC_ARC = YES;
				CLANG_ENABLE_OBJC_WEAK = YES;
				CLANG_WARN_BLOCK_CAPTURE_AUTORELEASING = YES;
				CLANG_WARN_BOOL_CONVERSION = YES;
				CLANG_WARN_COMMA = YES;
				CLANG_WARN_CONSTANT_CONVERSION = YES;
				CLANG_WARN_DEPRECATED_OBJC_IMPLEMENTATIONS = YES;
				CLANG_WARN_DIRECT_OBJC_ISA_USAGE = YES_ERROR;
				CLANG_WARN_DOCUMENTATION_COMMENTS = YES;
				CLANG_WARN_EMPTY_BODY = YES;
				CLANG_WARN_ENUM_CONVERSION = YES;
				CLANG_WARN_INFINITE_RECURSION = YES;
				CLANG_WARN_INT_CONVERSION = YES;
				CLANG_WARN_NON_LITERAL_NULL_CONVERSION = YES;
				CLANG_WARN_OBJC_IMPLICIT_RETAIN_SELF = YES;
				CLANG_WARN_OBJC_LITERAL_CONVERSION = YES;
				CLANG_WARN_OBJC_ROOT_CLASS = YES_ERROR;
				CLANG_WARN_RANGE_LOOP_ANALYSIS = YES;
				CLANG_WARN_STRICT_PROTOTYPES = YES;
				CLANG_WARN_SUSPICIOUS_MOVE = YES;
				CLANG_WARN_UNGUARDED_AVAILABILITY = YES_AGGRESSIVE;
				CLANG_WARN_UNREACHABLE_CODE = YES;
				CLANG_WARN__DUPLICATE_METHOD_MATCH = YES;
				COPY_PHASE_STRIP = NO;
				DEBUG_INFORMATION_FORMAT = "dwarf-with-dsym";
				ENABLE_NS_ASSERTIONS = NO;
				ENABLE_STRICT_OBJC_MSGSEND = YES;
				GCC_C_LANGUAGE_STANDARD = gnu11;
				GCC_NO_COMMON_BLOCKS = YES;
				GCC_WARN_64_TO_32_BIT_CONVERSION = YES;
				GCC_WARN_ABOUT_RETURN_TYPE = YES_ERROR;
				GCC_WARN_UNDECLARED_SELECTOR = YES;
				GCC_WARN_UNINITIALIZED_AUTOS = YES_AGGRESSIVE;
				GCC_WARN_UNUSED_FUNCTION = YES;
				GCC_WARN_UNUSED_VARIABLE = YES;
				IPHONEOS_DEPLOYMENT_TARGET = 11.0;
				MTL_ENABLE_DEBUG_INFO = NO;
				MTL_FAST_MATH = YES;
				SDKROOT = iphoneos;
				SWIFT_COMPILATION_MODE = wholemodule;
				SWIFT_OPTIMIZATION_LEVEL = "-O";
				VALIDATE_PRODUCT = YES;
			};
			name = Release;
		};
		9D72F3D7246585E4007D71FB /* Debug */ = {
			isa = XCBuildConfiguration;
			baseConfigurationReference = 264BD8A31984197300EFE6F8 /* Pods-RetirementCalculator.debug.xcconfig */;
			buildSettings = {
				ASSETCATALOG_COMPILER_APPICON_NAME = AppIcon;
				CODE_SIGN_STYLE = Automatic;
				DEVELOPMENT_TEAM = K5X38X8VRC;
				INFOPLIST_FILE = RetirementCalculator/Info.plist;
				LD_RUNPATH_SEARCH_PATHS = (
					"$(inherited)",
					"@executable_path/Frameworks",
				);
				PRODUCT_BUNDLE_IDENTIFIER = org.gdelgado.RetCalculator;
				PRODUCT_NAME = "$(TARGET_NAME)";
				SWIFT_VERSION = 5.0;
				TARGETED_DEVICE_FAMILY = "1,2";
			};
			name = Debug;
		};
		9D72F3D8246585E4007D71FB /* Release */ = {
			isa = XCBuildConfiguration;
			baseConfigurationReference = 172CD14EB6D63DFF47B3B3A5 /* Pods-RetirementCalculator.release.xcconfig */;
			buildSettings = {
				ASSETCATALOG_COMPILER_APPICON_NAME = AppIcon;
				CODE_SIGN_STYLE = Automatic;
				DEVELOPMENT_TEAM = K5X38X8VRC;
				INFOPLIST_FILE = RetirementCalculator/Info.plist;
				LD_RUNPATH_SEARCH_PATHS = (
					"$(inherited)",
					"@executable_path/Frameworks",
				);
				PRODUCT_BUNDLE_IDENTIFIER = org.gdelgado.RetCalculator;
				PRODUCT_NAME = "$(TARGET_NAME)";
				SWIFT_VERSION = 5.0;
				TARGETED_DEVICE_FAMILY = "1,2";
			};
			name = Release;
		};
		9D72F3DA246585E4007D71FB /* Debug */ = {
			isa = XCBuildConfiguration;
			baseConfigurationReference = E4195F85D58BB4965CA9A291 /* Pods-RetirementCalculatorTests.debug.xcconfig */;
			buildSettings = {
				ALWAYS_EMBED_SWIFT_STANDARD_LIBRARIES = YES;
				BUNDLE_LOADER = "$(TEST_HOST)";
				CODE_SIGN_STYLE = Automatic;
				DEVELOPMENT_TEAM = LZY5Z4A3XU;
				INFOPLIST_FILE = RetirementCalculatorTests/Info.plist;
				IPHONEOS_DEPLOYMENT_TARGET = 13.4;
				LD_RUNPATH_SEARCH_PATHS = (
					"$(inherited)",
					"@executable_path/Frameworks",
					"@loader_path/Frameworks",
				);
				PRODUCT_BUNDLE_IDENTIFIER = org.gdelgado.RetirementCalculatorTests;
				PRODUCT_NAME = "$(TARGET_NAME)";
				SWIFT_VERSION = 5.0;
				TARGETED_DEVICE_FAMILY = "1,2";
				TEST_HOST = "$(BUILT_PRODUCTS_DIR)/RetirementCalculator.app/RetirementCalculator";
			};
			name = Debug;
		};
		9D72F3DB246585E4007D71FB /* Release */ = {
			isa = XCBuildConfiguration;
			baseConfigurationReference = A9B420E24F5E394DE62351B4 /* Pods-RetirementCalculatorTests.release.xcconfig */;
			buildSettings = {
				ALWAYS_EMBED_SWIFT_STANDARD_LIBRARIES = YES;
				BUNDLE_LOADER = "$(TEST_HOST)";
				CODE_SIGN_STYLE = Automatic;
				DEVELOPMENT_TEAM = LZY5Z4A3XU;
				INFOPLIST_FILE = RetirementCalculatorTests/Info.plist;
				IPHONEOS_DEPLOYMENT_TARGET = 13.4;
				LD_RUNPATH_SEARCH_PATHS = (
					"$(inherited)",
					"@executable_path/Frameworks",
					"@loader_path/Frameworks",
				);
				PRODUCT_BUNDLE_IDENTIFIER = org.gdelgado.RetirementCalculatorTests;
				PRODUCT_NAME = "$(TARGET_NAME)";
				SWIFT_VERSION = 5.0;
				TARGETED_DEVICE_FAMILY = "1,2";
				TEST_HOST = "$(BUILT_PRODUCTS_DIR)/RetirementCalculator.app/RetirementCalculator";
			};
			name = Release;
		};
		9D72F3DD246585E4007D71FB /* Debug */ = {
			isa = XCBuildConfiguration;
			baseConfigurationReference = 48EF4B253F2FD8230E32E30F /* Pods-RetirementCalculator-RetirementCalculatorUITests.debug.xcconfig */;
			buildSettings = {
				ALWAYS_EMBED_SWIFT_STANDARD_LIBRARIES = YES;
				CODE_SIGN_STYLE = Automatic;
				DEVELOPMENT_TEAM = LZY5Z4A3XU;
				INFOPLIST_FILE = RetirementCalculatorUITests/Info.plist;
				LD_RUNPATH_SEARCH_PATHS = (
					"$(inherited)",
					"@executable_path/Frameworks",
					"@loader_path/Frameworks",
				);
				PRODUCT_BUNDLE_IDENTIFIER = org.gdelgado.RetirementCalculatorUITests;
				PRODUCT_NAME = "$(TARGET_NAME)";
				SWIFT_VERSION = 5.0;
				TARGETED_DEVICE_FAMILY = "1,2";
				TEST_TARGET_NAME = RetirementCalculator;
			};
			name = Debug;
		};
		9D72F3DE246585E4007D71FB /* Release */ = {
			isa = XCBuildConfiguration;
			baseConfigurationReference = D10FE9D26308D73D32850DEB /* Pods-RetirementCalculator-RetirementCalculatorUITests.release.xcconfig */;
			buildSettings = {
				ALWAYS_EMBED_SWIFT_STANDARD_LIBRARIES = YES;
				CODE_SIGN_STYLE = Automatic;
				DEVELOPMENT_TEAM = LZY5Z4A3XU;
				INFOPLIST_FILE = RetirementCalculatorUITests/Info.plist;
				LD_RUNPATH_SEARCH_PATHS = (
					"$(inherited)",
					"@executable_path/Frameworks",
					"@loader_path/Frameworks",
				);
				PRODUCT_BUNDLE_IDENTIFIER = org.gdelgado.RetirementCalculatorUITests;
				PRODUCT_NAME = "$(TARGET_NAME)";
				SWIFT_VERSION = 5.0;
				TARGETED_DEVICE_FAMILY = "1,2";
				TEST_TARGET_NAME = RetirementCalculator;
			};
			name = Release;
		};
/* End XCBuildConfiguration section */

/* Begin XCConfigurationList section */
		9D72F3A7246585E1007D71FB /* Build configuration list for PBXProject "RetirementCalculator" */ = {
			isa = XCConfigurationList;
			buildConfigurations = (
				9D72F3D4246585E4007D71FB /* Debug */,
				9D72F3D5246585E4007D71FB /* Release */,
			);
			defaultConfigurationIsVisible = 0;
			defaultConfigurationName = Release;
		};
		9D72F3D6246585E4007D71FB /* Build configuration list for PBXNativeTarget "RetirementCalculator" */ = {
			isa = XCConfigurationList;
			buildConfigurations = (
				9D72F3D7246585E4007D71FB /* Debug */,
				9D72F3D8246585E4007D71FB /* Release */,
			);
			defaultConfigurationIsVisible = 0;
			defaultConfigurationName = Release;
		};
		9D72F3D9246585E4007D71FB /* Build configuration list for PBXNativeTarget "RetirementCalculatorTests" */ = {
			isa = XCConfigurationList;
			buildConfigurations = (
				9D72F3DA246585E4007D71FB /* Debug */,
				9D72F3DB246585E4007D71FB /* Release */,
			);
			defaultConfigurationIsVisible = 0;
			defaultConfigurationName = Release;
		};
		9D72F3DC246585E4007D71FB /* Build configuration list for PBXNativeTarget "RetirementCalculatorUITests" */ = {
			isa = XCConfigurationList;
			buildConfigurations = (
				9D72F3DD246585E4007D71FB /* Debug */,
				9D72F3DE246585E4007D71FB /* Release */,
			);
			defaultConfigurationIsVisible = 0;
			defaultConfigurationName = Release;
		};
/* End XCConfigurationList section */
	};
	rootObject = 9D72F3A4246585E1007D71FB /* Project object */;
}
